
Microsoft Visual Studio Solution File, Format Version 12.00
# Visual Studio Version 16
VisualStudioVersion = 16.0.31005.135
MinimumVisualStudioVersion = 15.0.26124.0
Project("{9A19103F-16F7-4668-BE54-9A1E7A4F7556}") = "SBL", "SBL\SBL.csproj", "{6DA7F468-83C6-4BBD-9FE4-5C4BA5AE312F}"
EndProject
Project("{9A19103F-16F7-4668-BE54-9A1E7A4F7556}") = "SDL", "SDL\SDL.csproj", "{6E7A0CFB-DD62-45B9-9E1C-1CDE088D3398}"
EndProject
Project("{9A19103F-16F7-4668-BE54-9A1E7A4F7556}") = "SModels", "SModels\SModels.csproj", "{39F2FA01-34E4-4DF5-9738-5EB2ACCDAC51}"
EndProject
Project("{9A19103F-16F7-4668-BE54-9A1E7A4F7556}") = "SMVC", "SMVC\SMVC.csproj", "{44CE6255-4B2E-496C-A8B5-C602E72484ED}"
EndProject
Global
	GlobalSection(SolutionConfigurationPlatforms) = preSolution
		Debug|Any CPU = Debug|Any CPU
		Debug|x64 = Debug|x64
		Debug|x86 = Debug|x86
		Release|Any CPU = Release|Any CPU
		Release|x64 = Release|x64
		Release|x86 = Release|x86
	EndGlobalSection
	GlobalSection(ProjectConfigurationPlatforms) = postSolution
		{6DA7F468-83C6-4BBD-9FE4-5C4BA5AE312F}.Debug|Any CPU.ActiveCfg = Debug|Any CPU
		{6DA7F468-83C6-4BBD-9FE4-5C4BA5AE312F}.Debug|Any CPU.Build.0 = Debug|Any CPU
		{6DA7F468-83C6-4BBD-9FE4-5C4BA5AE312F}.Debug|x64.ActiveCfg = Debug|Any CPU
		{6DA7F468-83C6-4BBD-9FE4-5C4BA5AE312F}.Debug|x64.Build.0 = Debug|Any CPU
		{6DA7F468-83C6-4BBD-9FE4-5C4BA5AE312F}.Debug|x86.ActiveCfg = Debug|Any CPU
		{6DA7F468-83C6-4BBD-9FE4-5C4BA5AE312F}.Debug|x86.Build.0 = Debug|Any CPU
		{6DA7F468-83C6-4BBD-9FE4-5C4BA5AE312F}.Release|Any CPU.ActiveCfg = Release|Any CPU
		{6DA7F468-83C6-4BBD-9FE4-5C4BA5AE312F}.Release|Any CPU.Build.0 = Release|Any CPU
		{6DA7F468-83C6-4BBD-9FE4-5C4BA5AE312F}.Release|x64.ActiveCfg = Release|Any CPU
		{6DA7F468-83C6-4BBD-9FE4-5C4BA5AE312F}.Release|x64.Build.0 = Release|Any CPU
		{6DA7F468-83C6-4BBD-9FE4-5C4BA5AE312F}.Release|x86.ActiveCfg = Release|Any CPU
		{6DA7F468-83C6-4BBD-9FE4-5C4BA5AE312F}.Release|x86.Build.0 = Release|Any CPU
		{6E7A0CFB-DD62-45B9-9E1C-1CDE088D3398}.Debug|Any CPU.ActiveCfg = Debug|Any CPU
		{6E7A0CFB-DD62-45B9-9E1C-1CDE088D3398}.Debug|Any CPU.Build.0 = Debug|Any CPU
		{6E7A0CFB-DD62-45B9-9E1C-1CDE088D3398}.Debug|x64.ActiveCfg = Debug|Any CPU
		{6E7A0CFB-DD62-45B9-9E1C-1CDE088D3398}.Debug|x64.Build.0 = Debug|Any CPU
		{6E7A0CFB-DD62-45B9-9E1C-1CDE088D3398}.Debug|x86.ActiveCfg = Debug|Any CPU
		{6E7A0CFB-DD62-45B9-9E1C-1CDE088D3398}.Debug|x86.Build.0 = Debug|Any CPU
		{6E7A0CFB-DD62-45B9-9E1C-1CDE088D3398}.Release|Any CPU.ActiveCfg = Release|Any CPU
		{6E7A0CFB-DD62-45B9-9E1C-1CDE088D3398}.Release|Any CPU.Build.0 = Release|Any CPU
		{6E7A0CFB-DD62-45B9-9E1C-1CDE088D3398}.Release|x64.ActiveCfg = Release|Any CPU
		{6E7A0CFB-DD62-45B9-9E1C-1CDE088D3398}.Release|x64.Build.0 = Release|Any CPU
		{6E7A0CFB-DD62-45B9-9E1C-1CDE088D3398}.Release|x86.ActiveCfg = Release|Any CPU
		{6E7A0CFB-DD62-45B9-9E1C-1CDE088D3398}.Release|x86.Build.0 = Release|Any CPU
		{39F2FA01-34E4-4DF5-9738-5EB2ACCDAC51}.Debug|Any CPU.ActiveCfg = Debug|Any CPU
		{39F2FA01-34E4-4DF5-9738-5EB2ACCDAC51}.Debug|Any CPU.Build.0 = Debug|Any CPU
		{39F2FA01-34E4-4DF5-9738-5EB2ACCDAC51}.Debug|x64.ActiveCfg = Debug|Any CPU
		{39F2FA01-34E4-4DF5-9738-5EB2ACCDAC51}.Debug|x64.Build.0 = Debug|Any CPU
		{39F2FA01-34E4-4DF5-9738-5EB2ACCDAC51}.Debug|x86.ActiveCfg = Debug|Any CPU
		{39F2FA01-34E4-4DF5-9738-5EB2ACCDAC51}.Debug|x86.Build.0 = Debug|Any CPU
		{39F2FA01-34E4-4DF5-9738-5EB2ACCDAC51}.Release|Any CPU.ActiveCfg = Release|Any CPU
		{39F2FA01-34E4-4DF5-9738-5EB2ACCDAC51}.Release|Any CPU.Build.0 = Release|Any CPU
		{39F2FA01-34E4-4DF5-9738-5EB2ACCDAC51}.Release|x64.ActiveCfg = Release|Any CPU
		{39F2FA01-34E4-4DF5-9738-5EB2ACCDAC51}.Release|x64.Build.0 = Release|Any CPU
		{39F2FA01-34E4-4DF5-9738-5EB2ACCDAC51}.Release|x86.ActiveCfg = Release|Any CPU
		{39F2FA01-34E4-4DF5-9738-5EB2ACCDAC51}.Release|x86.Build.0 = Release|Any CPU
		{44CE6255-4B2E-496C-A8B5-C602E72484ED}.Debug|Any CPU.ActiveCfg = Debug|Any CPU
		{44CE6255-4B2E-496C-A8B5-C602E72484ED}.Debug|Any CPU.Build.0 = Debug|Any CPU
		{44CE6255-4B2E-496C-A8B5-C602E72484ED}.Debug|x64.ActiveCfg = Debug|Any CPU
		{44CE6255-4B2E-496C-A8B5-C602E72484ED}.Debug|x64.Build.0 = Debug|Any CPU
		{44CE6255-4B2E-496C-A8B5-C602E72484ED}.Debug|x86.ActiveCfg = Debug|Any CPU
		{44CE6255-4B2E-496C-A8B5-C602E72484ED}.Debug|x86.Build.0 = Debug|Any CPU
		{44CE6255-4B2E-496C-A8B5-C602E72484ED}.Release|Any CPU.ActiveCfg = Release|Any CPU
		{44CE6255-4B2E-496C-A8B5-C602E72484ED}.Release|Any CPU.Build.0 = Release|Any CPU
		{44CE6255-4B2E-496C-A8B5-C602E72484ED}.Release|x64.ActiveCfg = Release|Any CPU
		{44CE6255-4B2E-496C-A8B5-C602E72484ED}.Release|x64.Build.0 = Release|Any CPU
		{44CE6255-4B2E-496C-A8B5-C602E72484ED}.Release|x86.ActiveCfg = Release|Any CPU
		{44CE6255-4B2E-496C-A8B5-C602E72484ED}.Release|x86.Build.0 = Release|Any CPU
	EndGlobalSection
	GlobalSection(SolutionProperties) = preSolution
		HideSolutionNode = FALSE
	EndGlobalSection
	GlobalSection(ExtensibilityGlobals) = postSolution
		SolutionGuid = {F0BDA4B4-8176-424F-9765-AD09D380EBB4}
	EndGlobalSection
EndGlobal
